Microsoft Visual Studio Solution File, Format Version 11.00
# Visual Studio 2008

Project("{0DF62B41-885F-5253-DFE8-14404A46400D}") = "TH_Land", "Assembly-CSharp.csproj", "{5368FD4E-32E6-86DF-89E6-676397E5523C}"
EndProject
Global
	GlobalSection(SolutionConfigurationPlatforms) = preSolution
		Debug|Any CPU = Debug|Any CPU
		Release|Any CPU = Release|Any CPU
	EndGlobalSection
	GlobalSection(ProjectConfigurationPlatforms) = postSolution
		{5368FD4E-32E6-86DF-89E6-676397E5523C}.Debug|Any CPU.ActiveCfg = Debug|Any CPU
		{5368FD4E-32E6-86DF-89E6-676397E5523C}.Debug|Any CPU.Build.0 = Debug|Any CPU
		{5368FD4E-32E6-86DF-89E6-676397E5523C}.Release|Any CPU.ActiveCfg = Release|Any CPU
		{5368FD4E-32E6-86DF-89E6-676397E5523C}.Release|Any CPU.Build.0 = Release|Any CPU
	EndGlobalSection
	GlobalSection(SolutionProperties) = preSolution
		HideSolutionNode = FALSE
	EndGlobalSection
	GlobalSection(MonoDevelopProperties) = preSolution
		StartupItem = Assembly-CSharp.csproj
	EndGlobalSection
EndGlobal
